
Microsoft Visual Studio Solution File, Format Version 12.00
# Visual Studio Version 17
VisualStudioVersion = 17.8.34511.84
MinimumVisualStudioVersion = 10.0.40219.1
Project("{FAE04EC0-301F-11D3-BF4B-00C04F79EFBC}") = "candidateapi", "candidateapi.csproj", "{C5F57E81-4FD9-4D7A-9029-1AFE78BFC547}"
EndProject
Global
	GlobalSection(SolutionConfigurationPlatforms) = preSolution
		Debug|Any CPU = Debug|Any CPU
		Release|Any CPU = Release|Any CPU
	EndGlobalSection
	GlobalSection(ProjectConfigurationPlatforms) = postSolution
		{C5F57E81-4FD9-4D7A-9029-1AFE78BFC547}.Debug|Any CPU.ActiveCfg = Debug|Any CPU
		{C5F57E81-4FD9-4D7A-9029-1AFE78BFC547}.Debug|Any CPU.Build.0 = Debug|Any CPU
		{C5F57E81-4FD9-4D7A-9029-1AFE78BFC547}.Release|Any CPU.ActiveCfg = Release|Any CPU
		{C5F57E81-4FD9-4D7A-9029-1AFE78BFC547}.Release|Any CPU.Build.0 = Release|Any CPU
	EndGlobalSection
	GlobalSection(SolutionProperties) = preSolution
		HideSolutionNode = FALSE
	EndGlobalSection
	GlobalSection(ExtensibilityGlobals) = postSolution
		SolutionGuid = {20426C7D-376A-41A9-A80C-B413DFB59F1D}
	EndGlobalSection
EndGlobal
